{
  "version": 4,
  "terraform_version": "1.0.0",
  "serial": 36,
  "lineage": "2fb2163d-9055-5e5e-2a6a-efd9fef1b919",
  "outputs": {
    "server_public_ip": {
      "value": "54.198.89.200",
      "type": "string"
    }
  },
  "resources": [
    {
      "mode": "data",
      "type": "aws_vpc",
      "name": "main",
      "provider": "provider[\"registry.terraform.io/hashicorp/aws\"]",
      "instances": [
        {
          "schema_version": 0,
          "attributes": {
            "arn": "arn:aws:ec2:us-east-1:046183228009:vpc/vpc-0449fd170a86e3e57",
            "cidr_block": "172.31.0.0/16",
            "cidr_block_associations": [
              {
                "association_id": "vpc-cidr-assoc-0b60d0f9d8508848d",
                "cidr_block": "172.31.0.0/16",
                "state": "associated"
              }
            ],
            "default": true,
            "dhcp_options_id": "dopt-0df7287921777924e",
            "enable_dns_hostnames": true,
            "enable_dns_support": true,
            "filter": null,
            "id": "vpc-0449fd170a86e3e57",
            "instance_tenancy": "default",
            "ipv6_association_id": "",
            "ipv6_cidr_block": "",
            "main_route_table_id": "rtb-029dd8934e412273f",
            "owner_id": "046183228009",
            "state": null,
            "tags": {}
          },
          "sensitive_attributes": []
        }
      ]
    },
    {
      "mode": "data",
      "type": "template_file",
      "name": "user_data",
      "provider": "provider[\"registry.terraform.io/hashicorp/template\"]",
      "instances": [
        {
          "schema_version": 0,
          "attributes": {
            "filename": null,
            "id": "bc55aa5abff015fa3da08dc5a2a84da75c92d604eb689467d9a4b90c067f6c2f",
            "rendered": "#cloud-config\npackages:\n  - httpd\n\nruncmd:\n  - sudo systemctl start httpd\n  - susdo systemctl enable httpd",
            "template": "#cloud-config\npackages:\n  - httpd\n\nruncmd:\n  - sudo systemctl start httpd\n  - susdo systemctl enable httpd",
            "vars": null
          },
          "sensitive_attributes": []
        }
      ]
    },
    {
      "mode": "managed",
      "type": "aws_instance",
      "name": "server",
      "provider": "provider[\"registry.terraform.io/hashicorp/aws\"]",
      "instances": [
        {
          "schema_version": 1,
          "attributes": {
            "ami": "ami-0022f774911c1d690",
            "arn": "arn:aws:ec2:us-east-1:046183228009:instance/i-0d11afc3be5c3397b",
            "associate_public_ip_address": true,
            "availability_zone": "us-east-1c",
            "capacity_reservation_specification": [
              {
                "capacity_reservation_preference": "open",
                "capacity_reservation_target": []
              }
            ],
            "cpu_core_count": 1,
            "cpu_threads_per_core": 1,
            "credit_specification": [
              {
                "cpu_credits": "standard"
              }
            ],
            "disable_api_termination": false,
            "ebs_block_device": [],
            "ebs_optimized": false,
            "enclave_options": [
              {
                "enabled": false
              }
            ],
            "ephemeral_block_device": [],
            "get_password_data": false,
            "hibernation": false,
            "host_id": null,
            "iam_instance_profile": "",
            "id": "i-0d11afc3be5c3397b",
            "instance_initiated_shutdown_behavior": "stop",
            "instance_state": "running",
            "instance_type": "t2.micro",
            "ipv6_address_count": 0,
            "ipv6_addresses": [],
            "key_name": "terraform-key",
            "launch_template": [],
            "maintenance_options": [
              {
                "auto_recovery": "default"
              }
            ],
            "metadata_options": [
              {
                "http_endpoint": "enabled",
                "http_put_response_hop_limit": 1,
                "http_tokens": "optional",
                "instance_metadata_tags": "disabled"
              }
            ],
            "monitoring": false,
            "network_interface": [],
            "outpost_arn": "",
            "password_data": "",
            "placement_group": "",
            "placement_partition_number": null,
            "primary_network_interface_id": "eni-045e51c6a751e86ee",
            "private_dns": "ip-172-31-29-28.ec2.internal",
            "private_ip": "172.31.29.28",
            "public_dns": "ec2-54-198-89-200.compute-1.amazonaws.com",
            "public_ip": "54.198.89.200",
            "root_block_device": [
              {
                "delete_on_termination": true,
                "device_name": "/dev/xvda",
                "encrypted": false,
                "iops": 100,
                "kms_key_id": "",
                "tags": {},
                "throughput": 0,
                "volume_id": "vol-0de7bb8a870fb51b0",
                "volume_size": 8,
                "volume_type": "gp2"
              }
            ],
            "secondary_private_ips": [],
            "security_groups": [
              "allow_http_ssh"
            ],
            "source_dest_check": true,
            "subnet_id": "subnet-0670106195566e66e",
            "tags": {
              "Name": "terraform-demo-provisioners"
            },
            "tags_all": {
              "Name": "terraform-demo-provisioners"
            },
            "tenancy": "default",
            "timeouts": null,
            "user_data": "be0ee233cc1ae0b67c3b7e3ce3b09736f7aa6eb0",
            "user_data_base64": null,
            "user_data_replace_on_change": false,
            "volume_tags": null,
            "vpc_security_group_ids": [
              "sg-073e885f843956e19"
            ]
          },
          "sensitive_attributes": [],
          "private": "eyJlMmJmYjczMC1lY2FhLTExZTYtOGY4OC0zNDM2M2JjN2M0YzAiOnsiY3JlYXRlIjo2MDAwMDAwMDAwMDAsImRlbGV0ZSI6MTIwMDAwMDAwMDAwMCwidXBkYXRlIjo2MDAwMDAwMDAwMDB9LCJzY2hlbWFfdmVyc2lvbiI6IjEifQ==",
          "dependencies": [
            "aws_key_pair.deployer",
            "aws_security_group.allow_http_ssh",
            "data.template_file.user_data"
          ]
        }
      ]
    },
    {
      "mode": "managed",
      "type": "aws_key_pair",
      "name": "deployer",
      "provider": "provider[\"registry.terraform.io/hashicorp/aws\"]",
      "instances": [
        {
          "schema_version": 1,
          "attributes": {
            "arn": "arn:aws:ec2:us-east-1:046183228009:key-pair/terraform-key",
            "fingerprint": "4b:14:28:2a:0d:00:b4:1f:a5:a8:8a:51:69:45:fa:4f",
            "id": "terraform-key",
            "key_name": "terraform-key",
            "key_name_prefix": "",
            "key_pair_id": "key-0f06364513751c0fd",
            "public_key": "ssh-rsa AAAAB3NzaC1yc2EAAAADAQABAAABgQC1F36DoNkGSg9Rx2L4x1NoaxPDAsMyksvCR4FxBx+Vom/JkKIrClRbx6dyxGDVTE4XdagvEqGWp3J76DFfXJcHvKe3EzjeQnF6rFyTX0ptsnK8ch6s9Wig7sgefBA2TIoKrQgA52XEZQ9+Xls/KSuTtbz8/y9RDAzSgFr6gX4BNsnnJJ7zNOKgN1FrQauYu08kQoy0hCCI7K60dScQyqm/M405KskDjFtIdBf44rKTNuK2a+ifGalbG8Hp3vDLRfH4wgeaKn1BSEEVS3+TJfZwJ2HJn9R9OWSAMc/hLKOogqJP3VRIidQiG5bjjRbpkRCI8J6ZR4P1CCwgx81JTzR6e9/EynwLiuifMvE8by5NnI/7U+QFQEGjCK7VeyZXyu+awhenz+uhEzPSwLVmp4lD4STS2LfpXsTZgaR6BIvTSMQaNgRA9h86I2sbTqZhT7+PezDDkVakMeDNxoxvrHoaRKyIlt2XFtbyyNs9cjWPEEkJPJQcDxSQIlsGYayi15k= mohammedalnaggar@Mohammeds-MacBook-Pro.local",
            "tags": {},
            "tags_all": {}
          },
          "sensitive_attributes": [],
          "private": "eyJzY2hlbWFfdmVyc2lvbiI6IjEifQ=="
        }
      ]
    },
    {
      "mode": "managed",
      "type": "aws_security_group",
      "name": "allow_http_ssh",
      "provider": "provider[\"registry.terraform.io/hashicorp/aws\"]",
      "instances": [
        {
          "schema_version": 1,
          "attributes": {
            "arn": "arn:aws:ec2:us-east-1:046183228009:security-group/sg-073e885f843956e19",
            "description": "Allow SSH \u0026 HTTP inbound traffic",
            "egress": [
              {
                "cidr_blocks": [
                  "0.0.0.0/0"
                ],
                "description": "",
                "from_port": 0,
                "ipv6_cidr_blocks": [
                  "::/0"
                ],
                "prefix_list_ids": [],
                "protocol": "-1",
                "security_groups": [],
                "self": false,
                "to_port": 0
              }
            ],
            "id": "sg-073e885f843956e19",
            "ingress": [
              {
                "cidr_blocks": [
                  "0.0.0.0/0"
                ],
                "description": "HTTP from Everywhere",
                "from_port": 80,
                "ipv6_cidr_blocks": [],
                "prefix_list_ids": [],
                "protocol": "tcp",
                "security_groups": [],
                "self": false,
                "to_port": 80
              },
              {
                "cidr_blocks": [
                  "0.0.0.0/0"
                ],
                "description": "SSH from Everywhere",
                "from_port": 22,
                "ipv6_cidr_blocks": [],
                "prefix_list_ids": [],
                "protocol": "tcp",
                "security_groups": [],
                "self": false,
                "to_port": 22
              }
            ],
            "name": "allow_http_ssh",
            "name_prefix": "",
            "owner_id": "046183228009",
            "revoke_rules_on_delete": false,
            "tags": {
              "Name": "terra_allow_ssh_http"
            },
            "tags_all": {
              "Name": "terra_allow_ssh_http"
            },
            "timeouts": null,
            "vpc_id": "vpc-0449fd170a86e3e57"
          },
          "sensitive_attributes": [],
          "private": "eyJlMmJmYjczMC1lY2FhLTExZTYtOGY4OC0zNDM2M2JjN2M0YzAiOnsiY3JlYXRlIjo2MDAwMDAwMDAwMDAsImRlbGV0ZSI6OTAwMDAwMDAwMDAwfSwic2NoZW1hX3ZlcnNpb24iOiIxIn0=",
          "dependencies": [
            "data.aws_vpc.main"
          ]
        }
      ]
    },
    {
      "mode": "managed",
      "type": "null_resource",
      "name": "status",
      "provider": "provider[\"registry.terraform.io/hashicorp/null\"]",
      "instances": [
        {
          "status": "tainted",
          "schema_version": 0,
          "attributes": {
            "id": "6127484070800574392",
            "triggers": null
          },
          "sensitive_attributes": [],
          "private": "bnVsbA==",
          "dependencies": [
            "aws_instance.server",
            "aws_key_pair.deployer",
            "aws_security_group.allow_http_ssh",
            "data.template_file.user_data"
          ]
        }
      ]
    }
  ]
}
