{
  "version": 4,
  "terraform_version": "1.0.0",
  "serial": 17,
  "lineage": "2aa713fb-f0fe-69a5-373b-afdf6005b451",
  "outputs": {
    "instance_pub_ip": {
      "value": "34.239.121.245",
      "type": "string"
    }
  },
  "resources": [
    {
      "mode": "managed",
      "type": "aws_instance",
      "name": "app_server",
      "provider": "provider[\"registry.terraform.io/hashicorp/aws\"]",
      "instances": [
        {
          "schema_version": 1,
          "attributes": {
            "ami": "ami-0022f774911c1d690",
            "arn": "arn:aws:ec2:us-east-1:046183228009:instance/i-00cd0860ffb342a64",
            "associate_public_ip_address": true,
            "availability_zone": "us-east-1b",
            "capacity_reservation_specification": [
              {
                "capacity_reservation_preference": "open",
                "capacity_reservation_target": []
              }
            ],
            "cpu_core_count": 1,
            "cpu_threads_per_core": 1,
            "credit_specification": [
              {
                "cpu_credits": "standard"
              }
            ],
            "disable_api_termination": false,
            "ebs_block_device": [],
            "ebs_optimized": false,
            "enclave_options": [
              {
                "enabled": false
              }
            ],
            "ephemeral_block_device": [],
            "get_password_data": false,
            "hibernation": false,
            "host_id": null,
            "iam_instance_profile": "",
            "id": "i-00cd0860ffb342a64",
            "instance_initiated_shutdown_behavior": "stop",
            "instance_state": "running",
            "instance_type": "t2.nano",
            "ipv6_address_count": 0,
            "ipv6_addresses": [],
            "key_name": "",
            "launch_template": [],
            "maintenance_options": [
              {
                "auto_recovery": "default"
              }
            ],
            "metadata_options": [
              {
                "http_endpoint": "enabled",
                "http_put_response_hop_limit": 1,
                "http_tokens": "optional",
                "instance_metadata_tags": "disabled"
              }
            ],
            "monitoring": false,
            "network_interface": [],
            "outpost_arn": "",
            "password_data": "",
            "placement_group": "",
            "placement_partition_number": null,
            "primary_network_interface_id": "eni-00ec18f1ea44464a1",
            "private_dns": "ip-172-31-95-240.ec2.internal",
            "private_ip": "172.31.95.240",
            "public_dns": "ec2-34-239-121-245.compute-1.amazonaws.com",
            "public_ip": "34.239.121.245",
            "root_block_device": [
              {
                "delete_on_termination": true,
                "device_name": "/dev/xvda",
                "encrypted": false,
                "iops": 100,
                "kms_key_id": "",
                "tags": {},
                "throughput": 0,
                "volume_id": "vol-07f03ff9129ba56e0",
                "volume_size": 8,
                "volume_type": "gp2"
              }
            ],
            "secondary_private_ips": [],
            "security_groups": [
              "default"
            ],
            "source_dest_check": true,
            "subnet_id": "subnet-05bd2217c58a4f344",
            "tags": {
              "Name": "naggar-server"
            },
            "tags_all": {
              "Name": "naggar-server"
            },
            "tenancy": "default",
            "timeouts": null,
            "user_data": null,
            "user_data_base64": null,
            "user_data_replace_on_change": false,
            "volume_tags": null,
            "vpc_security_group_ids": [
              "sg-0bf806e0f57f5dc9f"
            ]
          },
          "sensitive_attributes": [],
          "private": "eyJlMmJmYjczMC1lY2FhLTExZTYtOGY4OC0zNDM2M2JjN2M0YzAiOnsiY3JlYXRlIjo2MDAwMDAwMDAwMDAsImRlbGV0ZSI6MTIwMDAwMDAwMDAwMCwidXBkYXRlIjo2MDAwMDAwMDAwMDB9LCJzY2hlbWFfdmVyc2lvbiI6IjEifQ=="
        }
      ]
    },
    {
      "mode": "managed",
      "type": "aws_key_pair",
      "name": "deployer",
      "provider": "provider[\"registry.terraform.io/hashicorp/aws\"]",
      "instances": [
        {
          "schema_version": 1,
          "attributes": {
            "arn": "arn:aws:ec2:us-east-1:046183228009:key-pair/terraform-key",
            "fingerprint": "e8:c6:9a:45:74:75:25:12:ad:79:7a:9e:b7:da:21:4d",
            "id": "terraform-key",
            "key_name": "terraform-key",
            "key_name_prefix": "",
            "key_pair_id": "key-016daef7dda84a403",
            "public_key": "ssh-rsa AAAAB3NzaC1yc2EAAAADAQABAAABgQDhKkk2QV0C1gkokMmol8q+W+U3B7RfWYT4C6Vjtblh5d/BF6zElzWwYYAAYbxyWcBjp+upHh4bXpAb1fzsFOP2yvqJ4v+V+XU/1h/O0+IX9bA5WCIDxm6dOsRpisRP0xBR8BgNZx05XEdeol22vRW3ERLm+amuq4eX/B7t2SnLX7yGv71NJoyknIYjrtkRV6E4YLlTruqgE+X+PlYYvqPJerah9+LDj7SSHrsAozjBKpQ7QXmnrFArOjuU9zNangIXGEb7+L8eehM+E+Sdk+43miD5F93zr8h9QKWvoZzgGlqDnE3wfsCIqr/ejlHBluI7gd8ojYFz4JkadHfG5nyZN0SyLwJHsnZFMxI6tGdJ4jKdijtLZCGD9FGlKOf1la41/VZgBpHTLwq9E0vkb8n0doEp6FE9AbFPaA5E7RqZo2nWVrUy0HGIQNaQmPlV0no2eizmOHTMvqK0TnAdFlhSjkuc2H6Nes2wuS8kLwnQwOUyZkWekNWp/XgU0WumKaU= mohammedalnaggar@Mohammeds-MacBook-Pro.local",
            "tags": null,
            "tags_all": {}
          },
          "sensitive_attributes": [],
          "private": "eyJzY2hlbWFfdmVyc2lvbiI6IjEifQ=="
        }
      ]
    }
  ]
}
